{
	"name": "@donmahallem/rxjs-zone",
	"version": "0.4.2",
	"lockfileVersion": 2,
	"requires": true,
	"packages": {
		"": {
			"name": "@donmahallem/rxjs-zone",
			"version": "0.4.2",
			"license": "Apache-2.0",
			"devDependencies": {
				"@angular/core": "14.0.2",
				"rxjs": "7.5.5"
			},
			"engines": {
				"node": ">=14"
			},
			"peerDependencies": {
				"@angular/core": "<15.0.0",
				"rxjs": "<8.0.0"
			}
		},
		"node_modules/@angular/core": {
			"version": "14.0.2",
			"resolved": "https://registry.npmjs.org/@angular/core/-/core-14.0.2.tgz",
			"integrity": "sha512-JR+xVuNjGYEP5mdm3iQykcRFjrhSKbN5yxKxlVdKpNtUsR2Yc9Nf180Y2+Oo6KabtywGedIBH/Xd6mhwQQv3vg==",
			"dev": true,
			"dependencies": {
				"tslib": "^2.3.0"
			},
			"engines": {
				"node": "^14.15.0 || >=16.10.0"
			},
			"peerDependencies": {
				"rxjs": "^6.5.3 || ^7.4.0",
				"zone.js": "~0.11.4"
			}
		},
		"node_modules/rxjs": {
			"version": "7.5.5",
			"resolved": "https://registry.npmjs.org/rxjs/-/rxjs-7.5.5.tgz",
			"integrity": "sha512-sy+H0pQofO95VDmFLzyaw9xNJU4KTRSwQIGM6+iG3SypAtCiLDzpeG8sJrNCWn2Up9km+KhkvTdbkrdy+yzZdw==",
			"dev": true,
			"dependencies": {
				"tslib": "^2.1.0"
			}
		},
		"node_modules/tslib": {
			"version": "2.4.0",
			"resolved": "https://registry.npmjs.org/tslib/-/tslib-2.4.0.tgz",
			"integrity": "sha512-d6xOpEDfsi2CZVlPQzGeux8XMwLT9hssAsaPYExaQMuYskwb+x1x7J371tWlbBdWHroy99KnVB6qIkUbs5X3UQ==",
			"dev": true
		},
		"node_modules/zone.js": {
			"version": "0.11.5",
			"resolved": "https://registry.npmjs.org/zone.js/-/zone.js-0.11.5.tgz",
			"integrity": "sha512-D1/7VxEuQ7xk6z/kAROe4SUbd9CzxY4zOwVGnGHerd/SgLIVU5f4esDzQUsOCeArn933BZfWMKydH7l7dPEp0g==",
			"dev": true,
			"peer": true,
			"dependencies": {
				"tslib": "^2.3.0"
			}
		}
	},
	"dependencies": {
		"@angular/core": {
			"version": "14.0.2",
			"resolved": "https://registry.npmjs.org/@angular/core/-/core-14.0.2.tgz",
			"integrity": "sha512-JR+xVuNjGYEP5mdm3iQykcRFjrhSKbN5yxKxlVdKpNtUsR2Yc9Nf180Y2+Oo6KabtywGedIBH/Xd6mhwQQv3vg==",
			"dev": true,
			"requires": {
				"tslib": "^2.3.0"
			}
		},
		"rxjs": {
			"version": "7.5.5",
			"resolved": "https://registry.npmjs.org/rxjs/-/rxjs-7.5.5.tgz",
			"integrity": "sha512-sy+H0pQofO95VDmFLzyaw9xNJU4KTRSwQIGM6+iG3SypAtCiLDzpeG8sJrNCWn2Up9km+KhkvTdbkrdy+yzZdw==",
			"dev": true,
			"requires": {
				"tslib": "^2.1.0"
			}
		},
		"tslib": {
			"version": "2.4.0",
			"resolved": "https://registry.npmjs.org/tslib/-/tslib-2.4.0.tgz",
			"integrity": "sha512-d6xOpEDfsi2CZVlPQzGeux8XMwLT9hssAsaPYExaQMuYskwb+x1x7J371tWlbBdWHroy99KnVB6qIkUbs5X3UQ==",
			"dev": true
		},
		"zone.js": {
			"version": "0.11.5",
			"resolved": "https://registry.npmjs.org/zone.js/-/zone.js-0.11.5.tgz",
			"integrity": "sha512-D1/7VxEuQ7xk6z/kAROe4SUbd9CzxY4zOwVGnGHerd/SgLIVU5f4esDzQUsOCeArn933BZfWMKydH7l7dPEp0g==",
			"dev": true,
			"peer": true,
			"requires": {
				"tslib": "^2.3.0"
			}
		}
	}
}
