{
    "name": "@donmahallem/sudoku",
    "version": "0.3.0",
    "lockfileVersion": 2,
    "requires": true,
    "packages": {
        "": {
            "name": "@donmahallem/sudoku",
            "version": "0.2.3",
            "license": "Apache-2.0",
            "engines": {
                "node": "^12 || ^14 || ^16 || ^17"
            }
        }
    }
}
